
Microsoft Visual Studio Solution File, Format Version 12.00
# Visual Studio Version 17
VisualStudioVersion = 17.5.002.0
MinimumVisualStudioVersion = 10.0.40219.1
Project("{9A19103F-16F7-4668-BE54-9A1E7A4F7556}") = "dio-lab-trilha-net-minimal-api-desafio", "dio-lab-trilha-net-minimal-api-desafio.csproj", "{89C455DA-0B49-4C61-B9C7-21798E33A3E9}"
EndProject
Project("{FAE04EC0-301F-11D3-BF4B-00C04F79EFBC}") = "Testes", "..\Testes\Testes.csproj", "{D51C8F73-98F3-4054-8740-5C94C4B0B947}"
EndProject
Global
	GlobalSection(SolutionConfigurationPlatforms) = preSolution
		Debug|Any CPU = Debug|Any CPU
		Release|Any CPU = Release|Any CPU
	EndGlobalSection
	GlobalSection(ProjectConfigurationPlatforms) = postSolution
		{89C455DA-0B49-4C61-B9C7-21798E33A3E9}.Debug|Any CPU.ActiveCfg = Debug|Any CPU
		{89C455DA-0B49-4C61-B9C7-21798E33A3E9}.Debug|Any CPU.Build.0 = Debug|Any CPU
		{89C455DA-0B49-4C61-B9C7-21798E33A3E9}.Release|Any CPU.ActiveCfg = Release|Any CPU
		{89C455DA-0B49-4C61-B9C7-21798E33A3E9}.Release|Any CPU.Build.0 = Release|Any CPU
		{D51C8F73-98F3-4054-8740-5C94C4B0B947}.Debug|Any CPU.ActiveCfg = Debug|Any CPU
		{D51C8F73-98F3-4054-8740-5C94C4B0B947}.Debug|Any CPU.Build.0 = Debug|Any CPU
		{D51C8F73-98F3-4054-8740-5C94C4B0B947}.Release|Any CPU.ActiveCfg = Release|Any CPU
		{D51C8F73-98F3-4054-8740-5C94C4B0B947}.Release|Any CPU.Build.0 = Release|Any CPU
	EndGlobalSection
	GlobalSection(SolutionProperties) = preSolution
		HideSolutionNode = FALSE
	EndGlobalSection
	GlobalSection(ExtensibilityGlobals) = postSolution
		SolutionGuid = {D25B017A-93B7-42D5-A48B-8B3D4A83D06D}
	EndGlobalSection
EndGlobal
